// !$*UTF8*$!
{
	archiveVersion = 1;
	classes = {
	};
	objectVersion = 48;
	objects = {

/* Begin PBXBuildFile section */
		0C5A65711FCA0BCA00A81B4B /* main.swift in Sources */ = {isa = PBXBuildFile; fileRef = 0C5A65701FCA0BCA00A81B4B /* main.swift */; };
		0C5A65781FCA0F4C00A81B4B /* PPMImage.swift in Sources */ = {isa = PBXBuildFile; fileRef = 0C5A65771FCA0F4C00A81B4B /* PPMImage.swift */; };
		0C5A657A1FCA116600A81B4B /* Object.swift in Sources */ = {isa = PBXBuildFile; fileRef = 0C5A65791FCA116600A81B4B /* Object.swift */; };
		0C5A657C1FCA3D9400A81B4B /* Vector.swift in Sources */ = {isa = PBXBuildFile; fileRef = 0C5A657B1FCA3D9400A81B4B /* Vector.swift */; };
		0C5A657E1FCA4DDC00A81B4B /* Light.swift in Sources */ = {isa = PBXBuildFile; fileRef = 0C5A657D1FCA4DDC00A81B4B /* Light.swift */; };
		0C5A65801FCA4FC400A81B4B /* Raytrace.swift in Sources */ = {isa = PBXBuildFile; fileRef = 0C5A657F1FCA4FC400A81B4B /* Raytrace.swift */; };
/* End PBXBuildFile section */

/* Begin PBXCopyFilesBuildPhase section */
		0C5A656B1FCA0BCA00A81B4B /* CopyFiles */ = {
			isa = PBXCopyFilesBuildPhase;
			buildActionMask = 2147483647;
			dstPath = /usr/share/man/man1/;
			dstSubfolderSpec = 0;
			files = (
			);
			runOnlyForDeploymentPostprocessing = 1;
		};
/* End PBXCopyFilesBuildPhase section */

/* Begin PBXFileReference section */
		0C5A656D1FCA0BCA00A81B4B /* raycast-swift */ = {isa = PBXFileReference; explicitFileType = "compiled.mach-o.executable"; includeInIndex = 0; path = "raycast-swift"; sourceTree = BUILT_PRODUCTS_DIR; };
		0C5A65701FCA0BCA00A81B4B /* main.swift */ = {isa = PBXFileReference; lastKnownFileType = sourcecode.swift; path = main.swift; sourceTree = "<group>"; };
		0C5A65771FCA0F4C00A81B4B /* PPMImage.swift */ = {isa = PBXFileReference; lastKnownFileType = sourcecode.swift; path = PPMImage.swift; sourceTree = "<group>"; };
		0C5A65791FCA116600A81B4B /* Object.swift */ = {isa = PBXFileReference; lastKnownFileType = sourcecode.swift; path = Object.swift; sourceTree = "<group>"; };
		0C5A657B1FCA3D9400A81B4B /* Vector.swift */ = {isa = PBXFileReference; lastKnownFileType = sourcecode.swift; path = Vector.swift; sourceTree = "<group>"; };
		0C5A657D1FCA4DDC00A81B4B /* Light.swift */ = {isa = PBXFileReference; lastKnownFileType = sourcecode.swift; path = Light.swift; sourceTree = "<group>"; };
		0C5A657F1FCA4FC400A81B4B /* Raytrace.swift */ = {isa = PBXFileReference; lastKnownFileType = sourcecode.swift; path = Raytrace.swift; sourceTree = "<group>"; };
/* End PBXFileReference section */

/* Begin PBXFrameworksBuildPhase section */
		0C5A656A1FCA0BCA00A81B4B /* Frameworks */ = {
			isa = PBXFrameworksBuildPhase;
			buildActionMask = 2147483647;
			files = (
			);
			runOnlyForDeploymentPostprocessing = 0;
		};
/* End PBXFrameworksBuildPhase section */

/* Begin PBXGroup section */
		0C5A65641FCA0BCA00A81B4B = {
			isa = PBXGroup;
			children = (
				0C5A656F1FCA0BCA00A81B4B /* raycast-swift */,
				0C5A656E1FCA0BCA00A81B4B /* Products */,
			);
			sourceTree = "<group>";
		};
		0C5A656E1FCA0BCA00A81B4B /* Products */ = {
			isa = PBXGroup;
			children = (
				0C5A656D1FCA0BCA00A81B4B /* raycast-swift */,
			);
			name = Products;
			sourceTree = "<group>";
		};
		0C5A656F1FCA0BCA00A81B4B /* raycast-swift */ = {
			isa = PBXGroup;
			children = (
				0C5A65701FCA0BCA00A81B4B /* main.swift */,
				0C5A65771FCA0F4C00A81B4B /* PPMImage.swift */,
				0C5A65791FCA116600A81B4B /* Object.swift */,
				0C5A657B1FCA3D9400A81B4B /* Vector.swift */,
				0C5A657D1FCA4DDC00A81B4B /* Light.swift */,
				0C5A657F1FCA4FC400A81B4B /* Raytrace.swift */,
			);
			path = "raycast-swift";
			sourceTree = "<group>";
		};
/* End PBXGroup section */

/* Begin PBXNativeTarget section */
		0C5A656C1FCA0BCA00A81B4B /* raycast-swift */ = {
			isa = PBXNativeTarget;
			buildConfigurationList = 0C5A65741FCA0BCA00A81B4B /* Build configuration list for PBXNativeTarget "raycast-swift" */;
			buildPhases = (
				0C5A65691FCA0BCA00A81B4B /* Sources */,
				0C5A656A1FCA0BCA00A81B4B /* Frameworks */,
				0C5A656B1FCA0BCA00A81B4B /* CopyFiles */,
			);
			buildRules = (
			);
			dependencies = (
			);
			name = "raycast-swift";
			productName = "raycast-swift";
			productReference = 0C5A656D1FCA0BCA00A81B4B /* raycast-swift */;
			productType = "com.apple.product-type.tool";
		};
/* End PBXNativeTarget section */

/* Begin PBXProject section */
		0C5A65651FCA0BCA00A81B4B /* Project object */ = {
			isa = PBXProject;
			attributes = {
				LastSwiftUpdateCheck = 0910;
				LastUpgradeCheck = 1130;
				ORGANIZATIONNAME = Computers;
				TargetAttributes = {
					0C5A656C1FCA0BCA00A81B4B = {
						CreatedOnToolsVersion = 9.1;
						LastSwiftMigration = 1130;
						ProvisioningStyle = Automatic;
					};
				};
			};
			buildConfigurationList = 0C5A65681FCA0BCA00A81B4B /* Build configuration list for PBXProject "raycast-swift" */;
			compatibilityVersion = "Xcode 8.0";
			developmentRegion = en;
			hasScannedForEncodings = 0;
			knownRegions = (
				en,
				Base,
			);
			mainGroup = 0C5A65641FCA0BCA00A81B4B;
			productRefGroup = 0C5A656E1FCA0BCA00A81B4B /* Products */;
			projectDirPath = "";
			projectRoot = "";
			targets = (
				0C5A656C1FCA0BCA00A81B4B /* raycast-swift */,
			);
		};
/* End PBXProject section */

/* Begin PBXSourcesBuildPhase section */
		0C5A65691FCA0BCA00A81B4B /* Sources */ = {
			isa = PBXSourcesBuildPhase;
			buildActionMask = 2147483647;
			files = (
				0C5A65711FCA0BCA00A81B4B /* main.swift in Sources */,
				0C5A657E1FCA4DDC00A81B4B /* Light.swift in Sources */,
				0C5A65801FCA4FC400A81B4B /* Raytrace.swift in Sources */,
				0C5A657A1FCA116600A81B4B /* Object.swift in Sources */,
				0C5A657C1FCA3D9400A81B4B /* Vector.swift in Sources */,
				0C5A65781FCA0F4C00A81B4B /* PPMImage.swift in Sources */,
			);
			runOnlyForDeploymentPostprocessing = 0;
		};
/* End PBXSourcesBuildPhase section */

/* Begin XCBuildConfiguration section */
		0C5A65721FCA0BCA00A81B4B /* Debug */ = {
			isa = XCBuildConfiguration;
			buildSettings = {
				ALWAYS_SEARCH_USER_PATHS = NO;
				CLANG_ANALYZER_NONNULL = YES;
				CLANG_ANALYZER_NUMBER_OBJECT_CONVERSION = YES_AGGRESSIVE;
				CLANG_CXX_LANGUAGE_STANDARD = "gnu++14";
				CLANG_CXX_LIBRARY = "libc++";
				CLANG_ENABLE_MODULES = YES;
				CLANG_ENABLE_OBJC_ARC = YES;
				CLANG_WARN_BLOCK_CAPTURE_AUTORELEASING = YES;
				CLANG_WARN_BOOL_CONVERSION = YES;
				CLANG_WARN_COMMA = YES;
				CLANG_WARN_CONSTANT_CONVERSION = YES;
				CLANG_WARN_DEPRECATED_OBJC_IMPLEMENTATIONS = YES;
				CLANG_WARN_DIRECT_OBJC_ISA_USAGE = YES_ERROR;
				CLANG_WARN_DOCUMENTATION_COMMENTS = YES;
				CLANG_WARN_EMPTY_BODY = YES;
				CLANG_WARN_ENUM_CONVERSION = YES;
				CLANG_WARN_INFINITE_RECURSION = YES;
				CLANG_WARN_INT_CONVERSION = YES;
				CLANG_WARN_NON_LITERAL_NULL_CONVERSION = YES;
				CLANG_WARN_OBJC_IMPLICIT_RETAIN_SELF = YES;
				CLANG_WARN_OBJC_LITERAL_CONVERSION = YES;
				CLANG_WARN_OBJC_ROOT_CLASS = YES_ERROR;
				CLANG_WARN_RANGE_LOOP_ANALYSIS = YES;
				CLANG_WARN_STRICT_PROTOTYPES = YES;
				CLANG_WARN_SUSPICIOUS_MOVE = YES;
				CLANG_WARN_UNGUARDED_AVAILABILITY = YES_AGGRESSIVE;
				CLANG_WARN_UNREACHABLE_CODE = YES;
				CLANG_WARN__DUPLICATE_METHOD_MATCH = YES;
				CODE_SIGN_IDENTITY = "-";
				COPY_PHASE_STRIP = NO;
				DEBUG_INFORMATION_FORMAT = dwarf;
				ENABLE_STRICT_OBJC_MSGSEND = YES;
				ENABLE_TESTABILITY = YES;
				GCC_C_LANGUAGE_STANDARD = gnu11;
				GCC_DYNAMIC_NO_PIC = NO;
				GCC_NO_COMMON_BLOCKS = YES;
				GCC_OPTIMIZATION_LEVEL = 0;
				GCC_PREPROCESSOR_DEFINITIONS = (
					"DEBUG=1",
					"$(inherited)",
				);
				GCC_WARN_64_TO_32_BIT_CONVERSION = YES;
				GCC_WARN_ABOUT_RETURN_TYPE = YES_ERROR;
				GCC_WARN_UNDECLARED_SELECTOR = YES;
				GCC_WARN_UNINITIALIZED_AUTOS = YES_AGGRESSIVE;
				GCC_WARN_UNUSED_FUNCTION = YES;
				GCC_WARN_UNUSED_VARIABLE = YES;
				MACOSX_DEPLOYMENT_TARGET = 10.13;
				MTL_ENABLE_DEBUG_INFO = YES;
				ONLY_ACTIVE_ARCH = YES;
				SDKROOT = macosx;
				SWIFT_ACTIVE_COMPILATION_CONDITIONS = DEBUG;
				SWIFT_OPTIMIZATION_LEVEL = "-Onone";
			};
			name = Debug;
		};
		0C5A65731FCA0BCA00A81B4B /* Release */ = {
			isa = XCBuildConfiguration;
			buildSettings = {
				ALWAYS_SEARCH_USER_PATHS = NO;
				CLANG_ANALYZER_NONNULL = YES;
				CLANG_ANALYZER_NUMBER_OBJECT_CONVERSION = YES_AGGRESSIVE;
				CLANG_CXX_LANGUAGE_STANDARD = "gnu++14";
				CLANG_CXX_LIBRARY = "libc++";
				CLANG_ENABLE_MODULES = YES;
				CLANG_ENABLE_OBJC_ARC = YES;
				CLANG_WARN_BLOCK_CAPTURE_AUTORELEASING = YES;
				CLANG_WARN_BOOL_CONVERSION = YES;
				CLANG_WARN_COMMA = YES;
				CLANG_WARN_CONSTANT_CONVERSION = YES;
				CLANG_WARN_DEPRECATED_OBJC_IMPLEMENTATIONS = YES;
				CLANG_WARN_DIRECT_OBJC_ISA_USAGE = YES_ERROR;
				CLANG_WARN_DOCUMENTATION_COMMENTS = YES;
				CLANG_WARN_EMPTY_BODY = YES;
				CLANG_WARN_ENUM_CONVERSION = YES;
				CLANG_WARN_INFINITE_RECURSION = YES;
				CLANG_WARN_INT_CONVERSION = YES;
				CLANG_WARN_NON_LITERAL_NULL_CONVERSION = YES;
				CLANG_WARN_OBJC_IMPLICIT_RETAIN_SELF = YES;
				CLANG_WARN_OBJC_LITERAL_CONVERSION = YES;
				CLANG_WARN_OBJC_ROOT_CLASS = YES_ERROR;
				CLANG_WARN_RANGE_LOOP_ANALYSIS = YES;
				CLANG_WARN_STRICT_PROTOTYPES = YES;
				CLANG_WARN_SUSPICIOUS_MOVE = YES;
				CLANG_WARN_UNGUARDED_AVAILABILITY = YES_AGGRESSIVE;
				CLANG_WARN_UNREACHABLE_CODE = YES;
				CLANG_WARN__DUPLICATE_METHOD_MATCH = YES;
				CODE_SIGN_IDENTITY = "-";
				COPY_PHASE_STRIP = NO;
				DEBUG_INFORMATION_FORMAT = "dwarf-with-dsym";
				ENABLE_NS_ASSERTIONS = NO;
				ENABLE_STRICT_OBJC_MSGSEND = YES;
				GCC_C_LANGUAGE_STANDARD = gnu11;
				GCC_NO_COMMON_BLOCKS = YES;
				GCC_WARN_64_TO_32_BIT_CONVERSION = YES;
				GCC_WARN_ABOUT_RETURN_TYPE = YES_ERROR;
				GCC_WARN_UNDECLARED_SELECTOR = YES;
				GCC_WARN_UNINITIALIZED_AUTOS = YES_AGGRESSIVE;
				GCC_WARN_UNUSED_FUNCTION = YES;
				GCC_WARN_UNUSED_VARIABLE = YES;
				MACOSX_DEPLOYMENT_TARGET = 10.13;
				MTL_ENABLE_DEBUG_INFO = NO;
				SDKROOT = macosx;
				SWIFT_OPTIMIZATION_LEVEL = "-Owholemodule";
			};
			name = Release;
		};
		0C5A65751FCA0BCA00A81B4B /* Debug */ = {
			isa = XCBuildConfiguration;
			buildSettings = {
				CODE_SIGN_IDENTITY = "-";
				CODE_SIGN_STYLE = Automatic;
				PRODUCT_NAME = "$(TARGET_NAME)";
				SWIFT_VERSION = 5.0;
			};
			name = Debug;
		};
		0C5A65761FCA0BCA00A81B4B /* Release */ = {
			isa = XCBuildConfiguration;
			buildSettings = {
				CODE_SIGN_IDENTITY = "-";
				CODE_SIGN_STYLE = Automatic;
				GCC_OPTIMIZATION_LEVEL = s;
				PRODUCT_NAME = "$(TARGET_NAME)";
				SWIFT_VERSION = 5.0;
			};
			name = Release;
		};
/* End XCBuildConfiguration section */

/* Begin XCConfigurationList section */
		0C5A65681FCA0BCA00A81B4B /* Build configuration list for PBXProject "raycast-swift" */ = {
			isa = XCConfigurationList;
			buildConfigurations = (
				0C5A65721FCA0BCA00A81B4B /* Debug */,
				0C5A65731FCA0BCA00A81B4B /* Release */,
			);
			defaultConfigurationIsVisible = 0;
			defaultConfigurationName = Release;
		};
		0C5A65741FCA0BCA00A81B4B /* Build configuration list for PBXNativeTarget "raycast-swift" */ = {
			isa = XCConfigurationList;
			buildConfigurations = (
				0C5A65751FCA0BCA00A81B4B /* Debug */,
				0C5A65761FCA0BCA00A81B4B /* Release */,
			);
			defaultConfigurationIsVisible = 0;
			defaultConfigurationName = Release;
		};
/* End XCConfigurationList section */
	};
	rootObject = 0C5A65651FCA0BCA00A81B4B /* Project object */;
}
